
Microsoft Visual Studio Solution File, Format Version 12.00
# Visual Studio Version 17
VisualStudioVersion = 17.5.33516.290
MinimumVisualStudioVersion = 10.0.40219.1
Project("{FAE04EC0-301F-11D3-BF4B-00C04F79EFBC}") = "atividade-04-04", "atividade-04-04\atividade-04-04.csproj", "{505C2D63-370B-4749-9E5B-FCE25E6E14A6}"
EndProject
Global
	GlobalSection(SolutionConfigurationPlatforms) = preSolution
		Debug|Any CPU = Debug|Any CPU
		Release|Any CPU = Release|Any CPU
	EndGlobalSection
	GlobalSection(ProjectConfigurationPlatforms) = postSolution
		{505C2D63-370B-4749-9E5B-FCE25E6E14A6}.Debug|Any CPU.ActiveCfg = Debug|Any CPU
		{505C2D63-370B-4749-9E5B-FCE25E6E14A6}.Debug|Any CPU.Build.0 = Debug|Any CPU
		{505C2D63-370B-4749-9E5B-FCE25E6E14A6}.Release|Any CPU.ActiveCfg = Release|Any CPU
		{505C2D63-370B-4749-9E5B-FCE25E6E14A6}.Release|Any CPU.Build.0 = Release|Any CPU
	EndGlobalSection
	GlobalSection(SolutionProperties) = preSolution
		HideSolutionNode = FALSE
	EndGlobalSection
	GlobalSection(ExtensibilityGlobals) = postSolution
		SolutionGuid = {B9372971-A958-4683-933D-77C65835DCDB}
	EndGlobalSection
EndGlobal
